
Microsoft Visual Studio Solution File, Format Version 9.00
# Visual Studio 2005
Project("{FAE04EC0-301F-11D3-BF4B-00C04F79EFBC}") = "ModelGenerator", "ModelGenerator\ModelGenerator.csproj", "{7DAFA127-68D1-458B-9F74-D8486322DA56}"
EndProject
Global
	GlobalSection(SourceCodeControl) = preSolution
		SccNumberOfProjects = 2
		SccLocalPath0 = .
		SccProjectUniqueName1 = ModelGenerator\\ModelGenerator.csproj
		SccLocalPath1 = .
		SccProjectFilePathRelativizedFromConnection1 = ModelGenerator\\
	EndGlobalSection
	GlobalSection(SolutionConfigurationPlatforms) = preSolution
		Debug|Any CPU = Debug|Any CPU
		Release|Any CPU = Release|Any CPU
	EndGlobalSection
	GlobalSection(ProjectConfigurationPlatforms) = postSolution
		{7DAFA127-68D1-458B-9F74-D8486322DA56}.Debug|Any CPU.ActiveCfg = Debug|Any CPU
		{7DAFA127-68D1-458B-9F74-D8486322DA56}.Debug|Any CPU.Build.0 = Debug|Any CPU
		{7DAFA127-68D1-458B-9F74-D8486322DA56}.Release|Any CPU.ActiveCfg = Release|Any CPU
		{7DAFA127-68D1-458B-9F74-D8486322DA56}.Release|Any CPU.Build.0 = Release|Any CPU
	EndGlobalSection
	GlobalSection(SolutionProperties) = preSolution
		HideSolutionNode = FALSE
	EndGlobalSection
EndGlobal
